{
  "nodes": {
    "mpv-cef-src": {
      "flake": false,
      "locked": {
        "lastModified": 1776025773,
        "narHash": "sha256-qM7NKlz/ldfYLbLwkS/oxoOMU/EHUEZN4ASgwdJcXXE=",
        "owner": "andrewrabert",
        "repo": "mpv",
        "rev": "aa910a7f450ee7bd04423d36e9dba8af0327e90c",
        "type": "github"
      },
      "original": {
        "owner": "andrewrabert",
        "ref": "aa910a7",
        "repo": "mpv",
        "type": "github"
      }
    },
    "nixpkgs": {
      "locked": {
        "lastModified": 1777268161,
        "narHash": "sha256-bxrdOn8SCOv8tN4JbTF/TXq7kjo9ag4M+C8yzzIRYbE=",
        "owner": "NixOS",
        "repo": "nixpkgs",
        "rev": "1c3fe55ad329cbcb28471bb30f05c9827f724c76",
        "type": "github"
      },
      "original": {
        "owner": "NixOS",
        "ref": "nixos-unstable",
        "repo": "nixpkgs",
        "type": "github"
      }
    },
    "root": {
      "inputs": {
        "mpv-cef-src": "mpv-cef-src",
        "nixpkgs": "nixpkgs"
      }
    }
  },
  "root": "root",
  "version": 7
}
